{
  "name": "brokerage-notes-parser",
  "version": "1.0.0",
  "lockfileVersion": 1,
  "requires": true,
  "dependencies": {
    "moment": {
      "version": "2.29.4",
      "resolved": "https://registry.npmjs.org/moment/-/moment-2.29.4.tgz",
      "integrity": "sha512-5LC9SOxjSc2HF6vO2CyuTDNivEdoz2IvyJJGj6X8DJ0eFyfszE0QiEd+iXmBvUP3WHxSjFH/vIsA0EN00cgr8w=="
    },
    "node-ensure": {
      "version": "0.0.0",
      "resolved": "https://registry.npmjs.org/node-ensure/-/node-ensure-0.0.0.tgz",
      "integrity": "sha1-7K52QVDemYYexcgQ/V0Jaxg5Mqc="
    },
    "pdf-parser": {
      "version": "1.0.5",
      "resolved": "https://registry.npmjs.org/pdf-parser/-/pdf-parser-1.0.5.tgz",
      "integrity": "sha512-57abulap1s4GYqaDVZdbXxA7h4GOGnmYvU8fJlI03VbuQCQnj6nZmMB0Ed1qsRehNPtQiqAjPnJFIWdR5BB9qQ==",
      "requires": {
        "node-ensure": "^0.0.0"
      }
    }
  }
}
